
Microsoft Visual Studio Solution File, Format Version 12.00
# Visual Studio Version 17
VisualStudioVersion = 17.0.32014.148
MinimumVisualStudioVersion = 10.0.40219.1
Project("{FAE04EC0-301F-11D3-BF4B-00C04F79EFBC}") = "Dio", "Dio\Dio.csproj", "{CCC646F7-19F9-4E5D-91A6-4F87D576547A}"
EndProject
Global
	GlobalSection(SolutionConfigurationPlatforms) = preSolution
		Debug|Any CPU = Debug|Any CPU
		Release|Any CPU = Release|Any CPU
	EndGlobalSection
	GlobalSection(ProjectConfigurationPlatforms) = postSolution
		{CCC646F7-19F9-4E5D-91A6-4F87D576547A}.Debug|Any CPU.ActiveCfg = Debug|Any CPU
		{CCC646F7-19F9-4E5D-91A6-4F87D576547A}.Debug|Any CPU.Build.0 = Debug|Any CPU
		{CCC646F7-19F9-4E5D-91A6-4F87D576547A}.Release|Any CPU.ActiveCfg = Release|Any CPU
		{CCC646F7-19F9-4E5D-91A6-4F87D576547A}.Release|Any CPU.Build.0 = Release|Any CPU
	EndGlobalSection
	GlobalSection(SolutionProperties) = preSolution
		HideSolutionNode = FALSE
	EndGlobalSection
	GlobalSection(ExtensibilityGlobals) = postSolution
		SolutionGuid = {A4962336-FDBE-4D29-A937-68DEA465EE18}
	EndGlobalSection
EndGlobal
